
Microsoft Visual Studio Solution File, Format Version 12.00
# Visual Studio 15
VisualStudioVersion = 15.0.28307.421
MinimumVisualStudioVersion = 10.0.40219.1
Project("{FAE04EC0-301F-11D3-BF4B-00C04F79EFBC}") = "InterfaceMagasinier", "InterfaceMagasinier\InterfaceMagasinier.csproj", "{80CB48D1-747F-4EEB-A32F-A9DD3A5FBE54}"
EndProject
Global
	GlobalSection(SolutionConfigurationPlatforms) = preSolution
		Debug|Any CPU = Debug|Any CPU
		Release|Any CPU = Release|Any CPU
	EndGlobalSection
	GlobalSection(ProjectConfigurationPlatforms) = postSolution
		{80CB48D1-747F-4EEB-A32F-A9DD3A5FBE54}.Debug|Any CPU.ActiveCfg = Debug|Any CPU
		{80CB48D1-747F-4EEB-A32F-A9DD3A5FBE54}.Debug|Any CPU.Build.0 = Debug|Any CPU
		{80CB48D1-747F-4EEB-A32F-A9DD3A5FBE54}.Release|Any CPU.ActiveCfg = Release|Any CPU
		{80CB48D1-747F-4EEB-A32F-A9DD3A5FBE54}.Release|Any CPU.Build.0 = Release|Any CPU
	EndGlobalSection
	GlobalSection(SolutionProperties) = preSolution
		HideSolutionNode = FALSE
	EndGlobalSection
	GlobalSection(ExtensibilityGlobals) = postSolution
		SolutionGuid = {F2320846-45E9-47BE-8AD6-8A4E59EEC112}
	EndGlobalSection
EndGlobal
